// !$*UTF8*$!
{
	archiveVersion = 1;
	classes = {
	};
	objectVersion = 77;
	objects = {

/* Begin PBXBuildFile section */
		CF0644362EB212DF003603CC /* KeyboardResponder.swift in Sources */ = {isa = PBXBuildFile; fileRef = CF0644352EB212DF003603CC /* KeyboardResponder.swift */; };
		CF0644392EB21406003603CC /* IQKeyboardManagerSwift in Frameworks */ = {isa = PBXBuildFile; productRef = CF0644382EB21406003603CC /* IQKeyboardManagerSwift */; };
		CF0644582EB21BCA003603CC /* AppDelegate.swift in Sources */ = {isa = PBXBuildFile; fileRef = CF0644572EB21BCA003603CC /* AppDelegate.swift */; };
		CF06445B2EB2295B003603CC /* Utility.swift in Sources */ = {isa = PBXBuildFile; fileRef = CF06445A2EB2295B003603CC /* Utility.swift */; };
		CF06445D2EB23E74003603CC /* DateModel.swift in Sources */ = {isa = PBXBuildFile; fileRef = CF06445C2EB23E74003603CC /* DateModel.swift */; };
		CF0C284A2E93EEB0007F9C3B /* ScheduleBookingView.swift in Sources */ = {isa = PBXBuildFile; fileRef = CF0C28492E93EEB0007F9C3B /* ScheduleBookingView.swift */; };
		CF141C2E2EB334A100EB00F8 /* AppState.swift in Sources */ = {isa = PBXBuildFile; fileRef = CF141C2D2EB334A100EB00F8 /* AppState.swift */; };
		CF1531252EBDEC8F00F4B55F /* AddAddressViewModel.swift in Sources */ = {isa = PBXBuildFile; fileRef = CF1531242EBDEC8F00F4B55F /* AddAddressViewModel.swift */; };
		CF1531282EBDED6E00F4B55F /* AddAddress.swift in Sources */ = {isa = PBXBuildFile; fileRef = CF1531272EBDED6E00F4B55F /* AddAddress.swift */; };
		CF1B11632E8CF7280044E1B2 /* UiExtension.swift in Sources */ = {isa = PBXBuildFile; fileRef = CF1B11622E8CF7280044E1B2 /* UiExtension.swift */; };
		CF1D745F2EBC6E8E007A71D7 /* ChangePasswordView.swift in Sources */ = {isa = PBXBuildFile; fileRef = CF1D745E2EBC6E8E007A71D7 /* ChangePasswordView.swift */; };
		CF1D74662EBC6F7D007A71D7 /* ChangePasswordViewModel.swift in Sources */ = {isa = PBXBuildFile; fileRef = CF1D74652EBC6F7D007A71D7 /* ChangePasswordViewModel.swift */; };
		CF1D746A2EBC79BC007A71D7 /* SaveAddressViewModel.swift in Sources */ = {isa = PBXBuildFile; fileRef = CF1D74692EBC79BC007A71D7 /* SaveAddressViewModel.swift */; };
		CF1D746D2EBC7A28007A71D7 /* InfoAddress.swift in Sources */ = {isa = PBXBuildFile; fileRef = CF1D746C2EBC7A28007A71D7 /* InfoAddress.swift */; };
		CF1D746F2EBC7F80007A71D7 /* SaveAddressRow.swift in Sources */ = {isa = PBXBuildFile; fileRef = CF1D746E2EBC7F80007A71D7 /* SaveAddressRow.swift */; };
		CF1D74712EBCBA85007A71D7 /* Basic.swift in Sources */ = {isa = PBXBuildFile; fileRef = CF1D74702EBCBA85007A71D7 /* Basic.swift */; };
		CF4D79FE2EB8C15E008B4653 /* VehicleList.swift in Sources */ = {isa = PBXBuildFile; fileRef = CF4D79FD2EB8C15E008B4653 /* VehicleList.swift */; };
		CF4D7A002EB8C2EF008B4653 /* BookingDetailViewModel.swift in Sources */ = {isa = PBXBuildFile; fileRef = CF4D79FF2EB8C2EF008B4653 /* BookingDetailViewModel.swift */; };
		CF5389242E9668EB000F9B64 /* DriverDetailView.swift in Sources */ = {isa = PBXBuildFile; fileRef = CF5389232E9668EB000F9B64 /* DriverDetailView.swift */; };
		CF5659892EB3789600A4B3D7 /* LoginResponse.swift in Sources */ = {isa = PBXBuildFile; fileRef = CF5659882EB3789600A4B3D7 /* LoginResponse.swift */; };
		CF56598C2EB37A4500A4B3D7 /* Alamofire in Frameworks */ = {isa = PBXBuildFile; productRef = CF56598B2EB37A4500A4B3D7 /* Alamofire */; };
		CF5659942EB37B8F00A4B3D7 /* Router.swift in Sources */ = {isa = PBXBuildFile; fileRef = CF5659932EB37B8F00A4B3D7 /* Router.swift */; };
		CF5659962EB37C6200A4B3D7 /* LoginViewModel.swift in Sources */ = {isa = PBXBuildFile; fileRef = CF5659952EB37C6200A4B3D7 /* LoginViewModel.swift */; };
		CF5659982EB37FBB00A4B3D7 /* EncodableExtension.swift in Sources */ = {isa = PBXBuildFile; fileRef = CF5659972EB37FBB00A4B3D7 /* EncodableExtension.swift */; };
		CF5BD41C2E954A3E00DF7AD5 /* RideDetailView.swift in Sources */ = {isa = PBXBuildFile; fileRef = CF5BD41B2E954A3E00DF7AD5 /* RideDetailView.swift */; };
		CF61AFAC2E99314C0064965A /* CustomLogo.swift in Sources */ = {isa = PBXBuildFile; fileRef = CF61AFAB2E99314C0064965A /* CustomLogo.swift */; };
		CF66AE852E93C04900C83DD1 /* BookingView.swift in Sources */ = {isa = PBXBuildFile; fileRef = CF66AE842E93C04900C83DD1 /* BookingView.swift */; };
		CF84300F2EB485B500DFE02F /* Api.swift in Sources */ = {isa = PBXBuildFile; fileRef = CF84300E2EB485B500DFE02F /* Api.swift */; };
		CF8430112EB485BE00DFE02F /* Service.swift in Sources */ = {isa = PBXBuildFile; fileRef = CF8430102EB485BE00DFE02F /* Service.swift */; };
		CF8430142EB4865B00DFE02F /* InternetConnection.swift in Sources */ = {isa = PBXBuildFile; fileRef = CF8430132EB4865B00DFE02F /* InternetConnection.swift */; };
		CF84301A2EB4868D00DFE02F /* MBProgressHUD.m in Sources */ = {isa = PBXBuildFile; fileRef = CF8430172EB4868D00DFE02F /* MBProgressHUD.m */; };
		CF84301B2EB4868D00DFE02F /* Reachability.m in Sources */ = {isa = PBXBuildFile; fileRef = CF8430192EB4868D00DFE02F /* Reachability.m */; };
		CF84301F2EB49B4D00DFE02F /* CountryPicker in Frameworks */ = {isa = PBXBuildFile; productRef = CF84301E2EB49B4D00DFE02F /* CountryPicker */; };
		CF87873C2E8CFAD200FEFB2D /* OnboardingView.swift in Sources */ = {isa = PBXBuildFile; fileRef = CF87873B2E8CFAD200FEFB2D /* OnboardingView.swift */; };
		CF89E5052E99056E0026C76C /* SaveAddressView.swift in Sources */ = {isa = PBXBuildFile; fileRef = CF89E5042E99056E0026C76C /* SaveAddressView.swift */; };
		CF8D2D152EB6191B00F452EB /* CustomAlertView.swift in Sources */ = {isa = PBXBuildFile; fileRef = CF8D2D142EB6191B00F452EB /* CustomAlertView.swift */; };
		CF8D2D212EB638F200F452EB /* Constant.swift in Sources */ = {isa = PBXBuildFile; fileRef = CF8D2D202EB638F200F452EB /* Constant.swift */; };
		CF8DE8812EA26C3800F75D73 /* CustomButtonAction.swift in Sources */ = {isa = PBXBuildFile; fileRef = CF8DE8802EA26C3800F75D73 /* CustomButtonAction.swift */; };
		CF8E51752E98DEA20018469A /* BackButton.swift in Sources */ = {isa = PBXBuildFile; fileRef = CF8E51742E98DEA20018469A /* BackButton.swift */; };
		CF8E51782E98E0250018469A /* EditProfileView.swift in Sources */ = {isa = PBXBuildFile; fileRef = CF8E51772E98E0250018469A /* EditProfileView.swift */; };
		CF8E517A2E98E89B0018469A /* AddAddressView.swift in Sources */ = {isa = PBXBuildFile; fileRef = CF8E51792E98E89B0018469A /* AddAddressView.swift */; };
		CF8FAF5B2EB4B5AA0062DA16 /* CountryPickerUI.swift in Sources */ = {isa = PBXBuildFile; fileRef = CF8FAF5A2EB4B5AA0062DA16 /* CountryPickerUI.swift */; };
		CF8FAF602EB4BD470062DA16 /* SignupViewModel.swift in Sources */ = {isa = PBXBuildFile; fileRef = CF8FAF5F2EB4BD470062DA16 /* SignupViewModel.swift */; };
		CF8FAF652EB4C3440062DA16 /* AddressPickerView.swift in Sources */ = {isa = PBXBuildFile; fileRef = CF8FAF642EB4C3440062DA16 /* AddressPickerView.swift */; };
		CF8FAF672EB4C3540062DA16 /* AddressPickerViewModel.swift in Sources */ = {isa = PBXBuildFile; fileRef = CF8FAF662EB4C3540062DA16 /* AddressPickerViewModel.swift */; };
		CF8FAF702EB4CD5A0062DA16 /* LocationData.swift in Sources */ = {isa = PBXBuildFile; fileRef = CF8FAF6F2EB4CD5A0062DA16 /* LocationData.swift */; };
		CF939ED62EB1EDA3007B982A /* CustomMapView.swift in Sources */ = {isa = PBXBuildFile; fileRef = CF939ED52EB1EDA3007B982A /* CustomMapView.swift */; };
		CF939ED82EB1EE60007B982A /* LocationSearchViewModel.swift in Sources */ = {isa = PBXBuildFile; fileRef = CF939ED72EB1EE5F007B982A /* LocationSearchViewModel.swift */; };
		CF99840A2EB5DD640066FC88 /* CustomError.swift in Sources */ = {isa = PBXBuildFile; fileRef = CF9984092EB5DD640066FC88 /* CustomError.swift */; };
		CF99840E2EB5DD990066FC88 /* CustomErrorBanner.swift in Sources */ = {isa = PBXBuildFile; fileRef = CF99840D2EB5DD990066FC88 /* CustomErrorBanner.swift */; };
		CFA635892E8CF535006A62E7 /* Inter-ExtraBold.otf in Resources */ = {isa = PBXBuildFile; fileRef = CFA6357B2E8CF535006A62E7 /* Inter-ExtraBold.otf */; };
		CFA6358A2E8CF535006A62E7 /* Inter-BoldItalic.otf in Resources */ = {isa = PBXBuildFile; fileRef = CFA6357A2E8CF535006A62E7 /* Inter-BoldItalic.otf */; };
		CFA6358B2E8CF535006A62E7 /* Inter-ExtraLightItalic-BETA.otf in Resources */ = {isa = PBXBuildFile; fileRef = CFA6357E2E8CF535006A62E7 /* Inter-ExtraLightItalic-BETA.otf */; };
		CFA6358C2E8CF535006A62E7 /* Inter-MediumItalic.otf in Resources */ = {isa = PBXBuildFile; fileRef = CFA635832E8CF535006A62E7 /* Inter-MediumItalic.otf */; };
		CFA6358D2E8CF535006A62E7 /* Inter-Light-BETA.otf in Resources */ = {isa = PBXBuildFile; fileRef = CFA635802E8CF535006A62E7 /* Inter-Light-BETA.otf */; };
		CFA6358E2E8CF535006A62E7 /* Inter-Thin-BETA.otf in Resources */ = {isa = PBXBuildFile; fileRef = CFA635872E8CF535006A62E7 /* Inter-Thin-BETA.otf */; };
		CFA6358F2E8CF535006A62E7 /* Inter-LightItalic-BETA.otf in Resources */ = {isa = PBXBuildFile; fileRef = CFA635812E8CF535006A62E7 /* Inter-LightItalic-BETA.otf */; };
		CFA635902E8CF535006A62E7 /* Inter-ExtraLight-BETA.otf in Resources */ = {isa = PBXBuildFile; fileRef = CFA6357D2E8CF535006A62E7 /* Inter-ExtraLight-BETA.otf */; };
		CFA635912E8CF535006A62E7 /* Inter-Black.otf in Resources */ = {isa = PBXBuildFile; fileRef = CFA635772E8CF535006A62E7 /* Inter-Black.otf */; };
		CFA635922E8CF535006A62E7 /* Inter-SemiBoldItalic.otf in Resources */ = {isa = PBXBuildFile; fileRef = CFA635862E8CF535006A62E7 /* Inter-SemiBoldItalic.otf */; };
		CFA635932E8CF535006A62E7 /* Inter-Italic.otf in Resources */ = {isa = PBXBuildFile; fileRef = CFA6357F2E8CF535006A62E7 /* Inter-Italic.otf */; };
		CFA635942E8CF535006A62E7 /* Inter-ThinItalic-BETA.otf in Resources */ = {isa = PBXBuildFile; fileRef = CFA635882E8CF535006A62E7 /* Inter-ThinItalic-BETA.otf */; };
		CFA635952E8CF535006A62E7 /* Inter-Bold.otf in Resources */ = {isa = PBXBuildFile; fileRef = CFA635792E8CF535006A62E7 /* Inter-Bold.otf */; };
		CFA635962E8CF535006A62E7 /* Inter-ExtraBoldItalic.otf in Resources */ = {isa = PBXBuildFile; fileRef = CFA6357C2E8CF535006A62E7 /* Inter-ExtraBoldItalic.otf */; };
		CFA635972E8CF535006A62E7 /* Inter-BlackItalic.otf in Resources */ = {isa = PBXBuildFile; fileRef = CFA635782E8CF535006A62E7 /* Inter-BlackItalic.otf */; };
		CFA635982E8CF535006A62E7 /* Inter-Regular.otf in Resources */ = {isa = PBXBuildFile; fileRef = CFA635842E8CF535006A62E7 /* Inter-Regular.otf */; };
		CFA635992E8CF535006A62E7 /* Inter-SemiBold.otf in Resources */ = {isa = PBXBuildFile; fileRef = CFA635852E8CF535006A62E7 /* Inter-SemiBold.otf */; };
		CFA6359A2E8CF535006A62E7 /* Inter-Medium.otf in Resources */ = {isa = PBXBuildFile; fileRef = CFA635822E8CF535006A62E7 /* Inter-Medium.otf */; };
		CFADBFC02E9D2DFD00A3161C /* NavigationRouter.swift in Sources */ = {isa = PBXBuildFile; fileRef = CFADBFBF2E9D2DFD00A3161C /* NavigationRouter.swift */; };
		CFADBFC42E9D300A00A3161C /* AppNavigationView.swift in Sources */ = {isa = PBXBuildFile; fileRef = CFADBFC32E9D300A00A3161C /* AppNavigationView.swift */; };
		CFADBFC62E9D371900A3161C /* RootView.swift in Sources */ = {isa = PBXBuildFile; fileRef = CFADBFC52E9D371900A3161C /* RootView.swift */; };
		CFB8D37A2E91586B00129E59 /* HomeView.swift in Sources */ = {isa = PBXBuildFile; fileRef = CFB8D3792E91586B00129E59 /* HomeView.swift */; };
		CFC1AED52EB34F11001E57AE /* ChatView.swift in Sources */ = {isa = PBXBuildFile; fileRef = CFC1AED42EB34F11001E57AE /* ChatView.swift */; };
		CFC1AED92EB3523D001E57AE /* DataModel.swift in Sources */ = {isa = PBXBuildFile; fileRef = CFC1AED82EB3523D001E57AE /* DataModel.swift */; };
		CFC40B2D2E91205400DAC1D3 /* ForgetPasswordView.swift in Sources */ = {isa = PBXBuildFile; fileRef = CFC40B2C2E91205400DAC1D3 /* ForgetPasswordView.swift */; };
		CFC9C5F52E97D04D003F5BB9 /* SettingView.swift in Sources */ = {isa = PBXBuildFile; fileRef = CFC9C5F42E97D04D003F5BB9 /* SettingView.swift */; };
		CFCF77A02EB8E3FE007707C9 /* SDWebImageSwiftUI in Frameworks */ = {isa = PBXBuildFile; productRef = CFCF779F2EB8E3FE007707C9 /* SDWebImageSwiftUI */; };
		CFD0C9312E8BE7EA00E7FC9B /* Assets.xcassets in Resources */ = {isa = PBXBuildFile; fileRef = CFD0C92D2E8BE7EA00E7FC9B /* Assets.xcassets */; };
		CFD0C9332E8BE7EA00E7FC9B /* GlisexabApp.swift in Sources */ = {isa = PBXBuildFile; fileRef = CFD0C92F2E8BE7EA00E7FC9B /* GlisexabApp.swift */; };
		CFD0C93A2E8BE93B00E7FC9B /* WelcomeView.swift in Sources */ = {isa = PBXBuildFile; fileRef = CFD0C9382E8BE93B00E7FC9B /* WelcomeView.swift */; };
		CFD0CD242E8D44FB001A7FFD /* LoginView.swift in Sources */ = {isa = PBXBuildFile; fileRef = CFD0CD232E8D44FB001A7FFD /* LoginView.swift */; };
		CFD149D22EB9D43E00CBC397 /* RideRow.swift in Sources */ = {isa = PBXBuildFile; fileRef = CFD149D12EB9D43E00CBC397 /* RideRow.swift */; };
		CFD149D42EB9D9D900CBC397 /* SaveCard.swift in Sources */ = {isa = PBXBuildFile; fileRef = CFD149D32EB9D9D900CBC397 /* SaveCard.swift */; };
		CFD149D62EB9DD5D00CBC397 /* CardRow.swift in Sources */ = {isa = PBXBuildFile; fileRef = CFD149D52EB9DD5D00CBC397 /* CardRow.swift */; };
		CFD149DA2EB9F29F00CBC397 /* ProfileViewModel.swift in Sources */ = {isa = PBXBuildFile; fileRef = CFD149D92EB9F29F00CBC397 /* ProfileViewModel.swift */; };
		CFD149DC2EB9F73C00CBC397 /* ImagePicker.swift in Sources */ = {isa = PBXBuildFile; fileRef = CFD149DB2EB9F73C00CBC397 /* ImagePicker.swift */; };
		CFD1F0012E94DE0900C792A7 /* PopupBargainView.swift in Sources */ = {isa = PBXBuildFile; fileRef = CFD1F0002E94DE0900C792A7 /* PopupBargainView.swift */; };
		CFD1F0042E94F41B00C792A7 /* SearchDriverView.swift in Sources */ = {isa = PBXBuildFile; fileRef = CFD1F0032E94F41B00C792A7 /* SearchDriverView.swift */; };
		CFD1F0082E94FDB800C792A7 /* TrackingView.swift in Sources */ = {isa = PBXBuildFile; fileRef = CFD1F0072E94FDB800C792A7 /* TrackingView.swift */; };
		CFD22ED62EAF3DA2001E188A /* HistoryView.swift in Sources */ = {isa = PBXBuildFile; fileRef = CFD22ED42EAF3DA2001E188A /* HistoryView.swift */; };
		CFFC86452E90F2380050CEBB /* SignupView.swift in Sources */ = {isa = PBXBuildFile; fileRef = CFFC86442E90F2380050CEBB /* SignupView.swift */; };
/* End PBXBuildFile section */

/* Begin PBXFileReference section */
		CF0644352EB212DF003603CC /* KeyboardResponder.swift */ = {isa = PBXFileReference; lastKnownFileType = sourcecode.swift; path = KeyboardResponder.swift; sourceTree = "<group>"; };
		CF0644572EB21BCA003603CC /* AppDelegate.swift */ = {isa = PBXFileReference; lastKnownFileType = sourcecode.swift; path = AppDelegate.swift; sourceTree = "<group>"; };
		CF06445A2EB2295B003603CC /* Utility.swift */ = {isa = PBXFileReference; lastKnownFileType = sourcecode.swift; path = Utility.swift; sourceTree = "<group>"; };
		CF06445C2EB23E74003603CC /* DateModel.swift */ = {isa = PBXFileReference; lastKnownFileType = sourcecode.swift; path = DateModel.swift; sourceTree = "<group>"; };
		CF0C28492E93EEB0007F9C3B /* ScheduleBookingView.swift */ = {isa = PBXFileReference; lastKnownFileType = sourcecode.swift; path = ScheduleBookingView.swift; sourceTree = "<group>"; };
		CF141C2D2EB334A100EB00F8 /* AppState.swift */ = {isa = PBXFileReference; lastKnownFileType = sourcecode.swift; path = AppState.swift; sourceTree = "<group>"; };
		CF1531242EBDEC8F00F4B55F /* AddAddressViewModel.swift */ = {isa = PBXFileReference; lastKnownFileType = sourcecode.swift; path = AddAddressViewModel.swift; sourceTree = "<group>"; };
		CF1531272EBDED6E00F4B55F /* AddAddress.swift */ = {isa = PBXFileReference; lastKnownFileType = sourcecode.swift; name = AddAddress.swift; path = "Glisexab/View/Main/Settings/Add Address/View Model/AddAddress.swift"; sourceTree = SOURCE_ROOT; };
		CF1B11622E8CF7280044E1B2 /* UiExtension.swift */ = {isa = PBXFileReference; lastKnownFileType = sourcecode.swift; path = UiExtension.swift; sourceTree = "<group>"; };
		CF1D745E2EBC6E8E007A71D7 /* ChangePasswordView.swift */ = {isa = PBXFileReference; lastKnownFileType = sourcecode.swift; path = ChangePasswordView.swift; sourceTree = "<group>"; };
		CF1D74652EBC6F7D007A71D7 /* ChangePasswordViewModel.swift */ = {isa = PBXFileReference; lastKnownFileType = sourcecode.swift; path = ChangePasswordViewModel.swift; sourceTree = "<group>"; };
		CF1D74692EBC79BC007A71D7 /* SaveAddressViewModel.swift */ = {isa = PBXFileReference; lastKnownFileType = sourcecode.swift; path = SaveAddressViewModel.swift; sourceTree = "<group>"; };
		CF1D746C2EBC7A28007A71D7 /* InfoAddress.swift */ = {isa = PBXFileReference; lastKnownFileType = sourcecode.swift; path = InfoAddress.swift; sourceTree = "<group>"; };
		CF1D746E2EBC7F80007A71D7 /* SaveAddressRow.swift */ = {isa = PBXFileReference; lastKnownFileType = sourcecode.swift; path = SaveAddressRow.swift; sourceTree = "<group>"; };
		CF1D74702EBCBA85007A71D7 /* Basic.swift */ = {isa = PBXFileReference; lastKnownFileType = sourcecode.swift; path = Basic.swift; sourceTree = "<group>"; };
		CF3A96582E8C04CB0020E723 /* Info.plist */ = {isa = PBXFileReference; lastKnownFileType = text.plist; path = Info.plist; sourceTree = "<group>"; };
		CF4D79FD2EB8C15E008B4653 /* VehicleList.swift */ = {isa = PBXFileReference; lastKnownFileType = sourcecode.swift; path = VehicleList.swift; sourceTree = "<group>"; };
		CF4D79FF2EB8C2EF008B4653 /* BookingDetailViewModel.swift */ = {isa = PBXFileReference; lastKnownFileType = sourcecode.swift; path = BookingDetailViewModel.swift; sourceTree = "<group>"; };
		CF5389232E9668EB000F9B64 /* DriverDetailView.swift */ = {isa = PBXFileReference; lastKnownFileType = sourcecode.swift; path = DriverDetailView.swift; sourceTree = "<group>"; };
		CF5659882EB3789600A4B3D7 /* LoginResponse.swift */ = {isa = PBXFileReference; lastKnownFileType = sourcecode.swift; path = LoginResponse.swift; sourceTree = "<group>"; };
		CF5659932EB37B8F00A4B3D7 /* Router.swift */ = {isa = PBXFileReference; lastKnownFileType = sourcecode.swift; path = Router.swift; sourceTree = "<group>"; };
		CF5659952EB37C6200A4B3D7 /* LoginViewModel.swift */ = {isa = PBXFileReference; lastKnownFileType = sourcecode.swift; path = LoginViewModel.swift; sourceTree = "<group>"; };
		CF5659972EB37FBB00A4B3D7 /* EncodableExtension.swift */ = {isa = PBXFileReference; lastKnownFileType = sourcecode.swift; path = EncodableExtension.swift; sourceTree = "<group>"; };
		CF5BD41B2E954A3E00DF7AD5 /* RideDetailView.swift */ = {isa = PBXFileReference; lastKnownFileType = sourcecode.swift; path = RideDetailView.swift; sourceTree = "<group>"; };
		CF61AFAB2E99314C0064965A /* CustomLogo.swift */ = {isa = PBXFileReference; lastKnownFileType = sourcecode.swift; path = CustomLogo.swift; sourceTree = "<group>"; };
		CF66AE842E93C04900C83DD1 /* BookingView.swift */ = {isa = PBXFileReference; lastKnownFileType = sourcecode.swift; path = BookingView.swift; sourceTree = "<group>"; };
		CF84300E2EB485B500DFE02F /* Api.swift */ = {isa = PBXFileReference; lastKnownFileType = sourcecode.swift; path = Api.swift; sourceTree = "<group>"; };
		CF8430102EB485BE00DFE02F /* Service.swift */ = {isa = PBXFileReference; lastKnownFileType = sourcecode.swift; path = Service.swift; sourceTree = "<group>"; };
		CF8430132EB4865B00DFE02F /* InternetConnection.swift */ = {isa = PBXFileReference; lastKnownFileType = sourcecode.swift; path = InternetConnection.swift; sourceTree = "<group>"; };
		CF8430162EB4868D00DFE02F /* MBProgressHUD.h */ = {isa = PBXFileReference; lastKnownFileType = sourcecode.c.h; path = MBProgressHUD.h; sourceTree = "<group>"; };
		CF8430172EB4868D00DFE02F /* MBProgressHUD.m */ = {isa = PBXFileReference; lastKnownFileType = sourcecode.c.objc; path = MBProgressHUD.m; sourceTree = "<group>"; };
		CF8430182EB4868D00DFE02F /* Reachability.h */ = {isa = PBXFileReference; lastKnownFileType = sourcecode.c.h; path = Reachability.h; sourceTree = "<group>"; };
		CF8430192EB4868D00DFE02F /* Reachability.m */ = {isa = PBXFileReference; lastKnownFileType = sourcecode.c.objc; path = Reachability.m; sourceTree = "<group>"; };
		CF84301C2EB4868F00DFE02F /* Glisexab-Bridging-Header.h */ = {isa = PBXFileReference; lastKnownFileType = sourcecode.c.h; path = "Glisexab-Bridging-Header.h"; sourceTree = "<group>"; };
		CF87873B2E8CFAD200FEFB2D /* OnboardingView.swift */ = {isa = PBXFileReference; lastKnownFileType = sourcecode.swift; path = OnboardingView.swift; sourceTree = "<group>"; };
		CF89E5042E99056E0026C76C /* SaveAddressView.swift */ = {isa = PBXFileReference; lastKnownFileType = sourcecode.swift; path = SaveAddressView.swift; sourceTree = "<group>"; };
		CF8D2D142EB6191B00F452EB /* CustomAlertView.swift */ = {isa = PBXFileReference; lastKnownFileType = sourcecode.swift; path = CustomAlertView.swift; sourceTree = "<group>"; };
		CF8D2D202EB638F200F452EB /* Constant.swift */ = {isa = PBXFileReference; lastKnownFileType = sourcecode.swift; path = Constant.swift; sourceTree = "<group>"; };
		CF8DE8802EA26C3800F75D73 /* CustomButtonAction.swift */ = {isa = PBXFileReference; lastKnownFileType = sourcecode.swift; path = CustomButtonAction.swift; sourceTree = "<group>"; };
		CF8E51742E98DEA20018469A /* BackButton.swift */ = {isa = PBXFileReference; lastKnownFileType = sourcecode.swift; path = BackButton.swift; sourceTree = "<group>"; };
		CF8E51772E98E0250018469A /* EditProfileView.swift */ = {isa = PBXFileReference; lastKnownFileType = sourcecode.swift; path = EditProfileView.swift; sourceTree = "<group>"; };
		CF8E51792E98E89B0018469A /* AddAddressView.swift */ = {isa = PBXFileReference; lastKnownFileType = sourcecode.swift; path = AddAddressView.swift; sourceTree = "<group>"; };
		CF8FAF5A2EB4B5AA0062DA16 /* CountryPickerUI.swift */ = {isa = PBXFileReference; lastKnownFileType = sourcecode.swift; path = CountryPickerUI.swift; sourceTree = "<group>"; };
		CF8FAF5F2EB4BD470062DA16 /* SignupViewModel.swift */ = {isa = PBXFileReference; lastKnownFileType = sourcecode.swift; path = SignupViewModel.swift; sourceTree = "<group>"; };
		CF8FAF642EB4C3440062DA16 /* AddressPickerView.swift */ = {isa = PBXFileReference; lastKnownFileType = sourcecode.swift; path = AddressPickerView.swift; sourceTree = "<group>"; };
		CF8FAF662EB4C3540062DA16 /* AddressPickerViewModel.swift */ = {isa = PBXFileReference; lastKnownFileType = sourcecode.swift; path = AddressPickerViewModel.swift; sourceTree = "<group>"; };
		CF8FAF6F2EB4CD5A0062DA16 /* LocationData.swift */ = {isa = PBXFileReference; lastKnownFileType = sourcecode.swift; path = LocationData.swift; sourceTree = "<group>"; };
		CF939ED52EB1EDA3007B982A /* CustomMapView.swift */ = {isa = PBXFileReference; lastKnownFileType = sourcecode.swift; path = CustomMapView.swift; sourceTree = "<group>"; };
		CF939ED72EB1EE5F007B982A /* LocationSearchViewModel.swift */ = {isa = PBXFileReference; lastKnownFileType = sourcecode.swift; path = LocationSearchViewModel.swift; sourceTree = "<group>"; };
		CF9984092EB5DD640066FC88 /* CustomError.swift */ = {isa = PBXFileReference; lastKnownFileType = sourcecode.swift; path = CustomError.swift; sourceTree = "<group>"; };
		CF99840D2EB5DD990066FC88 /* CustomErrorBanner.swift */ = {isa = PBXFileReference; lastKnownFileType = sourcecode.swift; path = CustomErrorBanner.swift; sourceTree = "<group>"; };
		CFA635772E8CF535006A62E7 /* Inter-Black.otf */ = {isa = PBXFileReference; lastKnownFileType = file; path = "Inter-Black.otf"; sourceTree = "<group>"; };
		CFA635782E8CF535006A62E7 /* Inter-BlackItalic.otf */ = {isa = PBXFileReference; lastKnownFileType = file; path = "Inter-BlackItalic.otf"; sourceTree = "<group>"; };
		CFA635792E8CF535006A62E7 /* Inter-Bold.otf */ = {isa = PBXFileReference; lastKnownFileType = file; path = "Inter-Bold.otf"; sourceTree = "<group>"; };
		CFA6357A2E8CF535006A62E7 /* Inter-BoldItalic.otf */ = {isa = PBXFileReference; lastKnownFileType = file; path = "Inter-BoldItalic.otf"; sourceTree = "<group>"; };
		CFA6357B2E8CF535006A62E7 /* Inter-ExtraBold.otf */ = {isa = PBXFileReference; lastKnownFileType = file; path = "Inter-ExtraBold.otf"; sourceTree = "<group>"; };
		CFA6357C2E8CF535006A62E7 /* Inter-ExtraBoldItalic.otf */ = {isa = PBXFileReference; lastKnownFileType = file; path = "Inter-ExtraBoldItalic.otf"; sourceTree = "<group>"; };
		CFA6357D2E8CF535006A62E7 /* Inter-ExtraLight-BETA.otf */ = {isa = PBXFileReference; lastKnownFileType = file; path = "Inter-ExtraLight-BETA.otf"; sourceTree = "<group>"; };
		CFA6357E2E8CF535006A62E7 /* Inter-ExtraLightItalic-BETA.otf */ = {isa = PBXFileReference; lastKnownFileType = file; path = "Inter-ExtraLightItalic-BETA.otf"; sourceTree = "<group>"; };
		CFA6357F2E8CF535006A62E7 /* Inter-Italic.otf */ = {isa = PBXFileReference; lastKnownFileType = file; path = "Inter-Italic.otf"; sourceTree = "<group>"; };
		CFA635802E8CF535006A62E7 /* Inter-Light-BETA.otf */ = {isa = PBXFileReference; lastKnownFileType = file; path = "Inter-Light-BETA.otf"; sourceTree = "<group>"; };
		CFA635812E8CF535006A62E7 /* Inter-LightItalic-BETA.otf */ = {isa = PBXFileReference; lastKnownFileType = file; path = "Inter-LightItalic-BETA.otf"; sourceTree = "<group>"; };
		CFA635822E8CF535006A62E7 /* Inter-Medium.otf */ = {isa = PBXFileReference; lastKnownFileType = file; path = "Inter-Medium.otf"; sourceTree = "<group>"; };
		CFA635832E8CF535006A62E7 /* Inter-MediumItalic.otf */ = {isa = PBXFileReference; lastKnownFileType = file; path = "Inter-MediumItalic.otf"; sourceTree = "<group>"; };
		CFA635842E8CF535006A62E7 /* Inter-Regular.otf */ = {isa = PBXFileReference; lastKnownFileType = file; path = "Inter-Regular.otf"; sourceTree = "<group>"; };
		CFA635852E8CF535006A62E7 /* Inter-SemiBold.otf */ = {isa = PBXFileReference; lastKnownFileType = file; path = "Inter-SemiBold.otf"; sourceTree = "<group>"; };
		CFA635862E8CF535006A62E7 /* Inter-SemiBoldItalic.otf */ = {isa = PBXFileReference; lastKnownFileType = file; path = "Inter-SemiBoldItalic.otf"; sourceTree = "<group>"; };
		CFA635872E8CF535006A62E7 /* Inter-Thin-BETA.otf */ = {isa = PBXFileReference; lastKnownFileType = file; path = "Inter-Thin-BETA.otf"; sourceTree = "<group>"; };
		CFA635882E8CF535006A62E7 /* Inter-ThinItalic-BETA.otf */ = {isa = PBXFileReference; lastKnownFileType = file; path = "Inter-ThinItalic-BETA.otf"; sourceTree = "<group>"; };
		CFADBFBF2E9D2DFD00A3161C /* NavigationRouter.swift */ = {isa = PBXFileReference; lastKnownFileType = sourcecode.swift; path = NavigationRouter.swift; sourceTree = "<group>"; };
		CFADBFC32E9D300A00A3161C /* AppNavigationView.swift */ = {isa = PBXFileReference; lastKnownFileType = sourcecode.swift; path = AppNavigationView.swift; sourceTree = "<group>"; };
		CFADBFC52E9D371900A3161C /* RootView.swift */ = {isa = PBXFileReference; lastKnownFileType = sourcecode.swift; path = RootView.swift; sourceTree = "<group>"; };
		CFB8D3792E91586B00129E59 /* HomeView.swift */ = {isa = PBXFileReference; lastKnownFileType = sourcecode.swift; path = HomeView.swift; sourceTree = "<group>"; };
		CFC1AED42EB34F11001E57AE /* ChatView.swift */ = {isa = PBXFileReference; lastKnownFileType = sourcecode.swift; path = ChatView.swift; sourceTree = "<group>"; };
		CFC1AED82EB3523D001E57AE /* DataModel.swift */ = {isa = PBXFileReference; lastKnownFileType = sourcecode.swift; path = DataModel.swift; sourceTree = "<group>"; };
		CFC40B2C2E91205400DAC1D3 /* ForgetPasswordView.swift */ = {isa = PBXFileReference; lastKnownFileType = sourcecode.swift; path = ForgetPasswordView.swift; sourceTree = "<group>"; };
		CFC9C5F42E97D04D003F5BB9 /* SettingView.swift */ = {isa = PBXFileReference; lastKnownFileType = sourcecode.swift; path = SettingView.swift; sourceTree = "<group>"; };
		CFD0C91F2E8BE22300E7FC9B /* Glisexab.app */ = {isa = PBXFileReference; explicitFileType = wrapper.application; includeInIndex = 0; path = Glisexab.app; sourceTree = BUILT_PRODUCTS_DIR; };
		CFD0C92D2E8BE7EA00E7FC9B /* Assets.xcassets */ = {isa = PBXFileReference; lastKnownFileType = folder.assetcatalog; path = Assets.xcassets; sourceTree = "<group>"; };
		CFD0C92F2E8BE7EA00E7FC9B /* GlisexabApp.swift */ = {isa = PBXFileReference; lastKnownFileType = sourcecode.swift; path = GlisexabApp.swift; sourceTree = "<group>"; };
		CFD0C9382E8BE93B00E7FC9B /* WelcomeView.swift */ = {isa = PBXFileReference; lastKnownFileType = sourcecode.swift; path = WelcomeView.swift; sourceTree = "<group>"; };
		CFD0CD232E8D44FB001A7FFD /* LoginView.swift */ = {isa = PBXFileReference; lastKnownFileType = sourcecode.swift; path = LoginView.swift; sourceTree = "<group>"; };
		CFD149D12EB9D43E00CBC397 /* RideRow.swift */ = {isa = PBXFileReference; lastKnownFileType = sourcecode.swift; path = RideRow.swift; sourceTree = "<group>"; };
		CFD149D32EB9D9D900CBC397 /* SaveCard.swift */ = {isa = PBXFileReference; lastKnownFileType = sourcecode.swift; path = SaveCard.swift; sourceTree = "<group>"; };
		CFD149D52EB9DD5D00CBC397 /* CardRow.swift */ = {isa = PBXFileReference; lastKnownFileType = sourcecode.swift; path = CardRow.swift; sourceTree = "<group>"; };
		CFD149D92EB9F29F00CBC397 /* ProfileViewModel.swift */ = {isa = PBXFileReference; lastKnownFileType = sourcecode.swift; path = ProfileViewModel.swift; sourceTree = "<group>"; };
		CFD149DB2EB9F73C00CBC397 /* ImagePicker.swift */ = {isa = PBXFileReference; lastKnownFileType = sourcecode.swift; path = ImagePicker.swift; sourceTree = "<group>"; };
		CFD1F0002E94DE0900C792A7 /* PopupBargainView.swift */ = {isa = PBXFileReference; lastKnownFileType = sourcecode.swift; path = PopupBargainView.swift; sourceTree = "<group>"; };
		CFD1F0032E94F41B00C792A7 /* SearchDriverView.swift */ = {isa = PBXFileReference; lastKnownFileType = sourcecode.swift; path = SearchDriverView.swift; sourceTree = "<group>"; };
		CFD1F0072E94FDB800C792A7 /* TrackingView.swift */ = {isa = PBXFileReference; lastKnownFileType = sourcecode.swift; path = TrackingView.swift; sourceTree = "<group>"; };
		CFD22ED42EAF3DA2001E188A /* HistoryView.swift */ = {isa = PBXFileReference; lastKnownFileType = sourcecode.swift; path = HistoryView.swift; sourceTree = "<group>"; };
		CFFC86442E90F2380050CEBB /* SignupView.swift */ = {isa = PBXFileReference; lastKnownFileType = sourcecode.swift; path = SignupView.swift; sourceTree = "<group>"; };
/* End PBXFileReference section */

/* Begin PBXFrameworksBuildPhase section */
		CFD0C91C2E8BE22300E7FC9B /* Frameworks */ = {
			isa = PBXFrameworksBuildPhase;
			buildActionMask = 2147483647;
			files = (
				CFCF77A02EB8E3FE007707C9 /* SDWebImageSwiftUI in Frameworks */,
				CF0644392EB21406003603CC /* IQKeyboardManagerSwift in Frameworks */,
				CF84301F2EB49B4D00DFE02F /* CountryPicker in Frameworks */,
				CF56598C2EB37A4500A4B3D7 /* Alamofire in Frameworks */,
			);
			runOnlyForDeploymentPostprocessing = 0;
		};
/* End PBXFrameworksBuildPhase section */

/* Begin PBXGroup section */
		CF0644592EB22923003603CC /* Utilities */ = {
			isa = PBXGroup;
			children = (
				CF06445A2EB2295B003603CC /* Utility.swift */,
				CF8430132EB4865B00DFE02F /* InternetConnection.swift */,
				CF8FAF5A2EB4B5AA0062DA16 /* CountryPickerUI.swift */,
			);
			path = Utilities;
			sourceTree = "<group>";
		};
		CF0C28482E93EE95007F9C3B /* Booking Detail */ = {
			isa = PBXGroup;
			children = (
				CF4D79FC2EB8C14B008B4653 /* Model */,
				CF4D79FB2EB8C143008B4653 /* View Model */,
				CF4D79FA2EB8C138008B4653 /* View */,
			);
			path = "Booking Detail";
			sourceTree = "<group>";
		};
		CF141C2C2EB3347000EB00F8 /* App State */ = {
			isa = PBXGroup;
			children = (
				CF141C2D2EB334A100EB00F8 /* AppState.swift */,
			);
			path = "App State";
			sourceTree = "<group>";
		};
		CF1531222EBDEC7100F4B55F /* View */ = {
			isa = PBXGroup;
			children = (
				CF8E51792E98E89B0018469A /* AddAddressView.swift */,
			);
			path = View;
			sourceTree = "<group>";
		};
		CF1531232EBDEC7800F4B55F /* View Model */ = {
			isa = PBXGroup;
			children = (
				CF1531242EBDEC8F00F4B55F /* AddAddressViewModel.swift */,
			);
			path = "View Model";
			sourceTree = "<group>";
		};
		CF1531262EBDED6000F4B55F /* Model */ = {
			isa = PBXGroup;
			children = (
				CF1531272EBDED6E00F4B55F /* AddAddress.swift */,
			);
			path = Model;
			sourceTree = "<group>";
		};
		CF1B11612E8CF6CB0044E1B2 /* Font */ = {
			isa = PBXGroup;
			children = (
				CFA635772E8CF535006A62E7 /* Inter-Black.otf */,
				CFA635782E8CF535006A62E7 /* Inter-BlackItalic.otf */,
				CFA635792E8CF535006A62E7 /* Inter-Bold.otf */,
				CFA6357A2E8CF535006A62E7 /* Inter-BoldItalic.otf */,
				CFA6357B2E8CF535006A62E7 /* Inter-ExtraBold.otf */,
				CFA6357C2E8CF535006A62E7 /* Inter-ExtraBoldItalic.otf */,
				CFA6357D2E8CF535006A62E7 /* Inter-ExtraLight-BETA.otf */,
				CFA6357E2E8CF535006A62E7 /* Inter-ExtraLightItalic-BETA.otf */,
				CFA6357F2E8CF535006A62E7 /* Inter-Italic.otf */,
				CFA635802E8CF535006A62E7 /* Inter-Light-BETA.otf */,
				CFA635812E8CF535006A62E7 /* Inter-LightItalic-BETA.otf */,
				CFA635822E8CF535006A62E7 /* Inter-Medium.otf */,
				CFA635832E8CF535006A62E7 /* Inter-MediumItalic.otf */,
				CFA635842E8CF535006A62E7 /* Inter-Regular.otf */,
				CFA635852E8CF535006A62E7 /* Inter-SemiBold.otf */,
				CFA635862E8CF535006A62E7 /* Inter-SemiBoldItalic.otf */,
				CFA635872E8CF535006A62E7 /* Inter-Thin-BETA.otf */,
				CFA635882E8CF535006A62E7 /* Inter-ThinItalic-BETA.otf */,
			);
			path = Font;
			sourceTree = "<group>";
		};
		CF1B11642E8CF73D0044E1B2 /* Component */ = {
			isa = PBXGroup;
			children = (
				CF5659922EB37B7F00A4B3D7 /* Https */,
				CF9984082EB5DD500066FC88 /* Custom Alert */,
				CF8430152EB4868200DFE02F /* Objc */,
				CF5659992EB3947700A4B3D7 /* Extension */,
				CF56599A2EB394B400A4B3D7 /* Location Manager */,
				CF141C2C2EB3347000EB00F8 /* App State */,
				CF0644592EB22923003603CC /* Utilities */,
				CFADBFC72E9D374300A3161C /* Navigation */,
			);
			path = Component;
			sourceTree = "<group>";
		};
		CF1D74602EBC6E93007A71D7 /* ChangePassword */ = {
			isa = PBXGroup;
			children = (
				CF1D74622EBC6F4D007A71D7 /* View Model */,
				CF1D74612EBC6F46007A71D7 /* View */,
			);
			path = ChangePassword;
			sourceTree = "<group>";
		};
		CF1D74612EBC6F46007A71D7 /* View */ = {
			isa = PBXGroup;
			children = (
				CF1D745E2EBC6E8E007A71D7 /* ChangePasswordView.swift */,
			);
			path = View;
			sourceTree = "<group>";
		};
		CF1D74622EBC6F4D007A71D7 /* View Model */ = {
			isa = PBXGroup;
			children = (
				CF1D74652EBC6F7D007A71D7 /* ChangePasswordViewModel.swift */,
			);
			path = "View Model";
			sourceTree = "<group>";
		};
		CF1D74672EBC799A007A71D7 /* View */ = {
			isa = PBXGroup;
			children = (
				CF1D746E2EBC7F80007A71D7 /* SaveAddressRow.swift */,
				CF89E5042E99056E0026C76C /* SaveAddressView.swift */,
			);
			path = View;
			sourceTree = "<group>";
		};
		CF1D74682EBC79A3007A71D7 /* View Model */ = {
			isa = PBXGroup;
			children = (
				CF1D74692EBC79BC007A71D7 /* SaveAddressViewModel.swift */,
			);
			path = "View Model";
			sourceTree = "<group>";
		};
		CF1D746B2EBC7A04007A71D7 /* Model */ = {
			isa = PBXGroup;
			children = (
				CF1D746C2EBC7A28007A71D7 /* InfoAddress.swift */,
				CF1D74702EBCBA85007A71D7 /* Basic.swift */,
			);
			path = Model;
			sourceTree = "<group>";
		};
		CF237D392E93A3AE002A9013 /* Home */ = {
			isa = PBXGroup;
			children = (
				CF939ED42EB1ED74007B982A /* Map Annotation */,
				CF237D3B2E93A753002A9013 /* Model */,
				CF237D3A2E93A3B6002A9013 /* View */,
			);
			path = Home;
			sourceTree = "<group>";
		};
		CF237D3A2E93A3B6002A9013 /* View */ = {
			isa = PBXGroup;
			children = (
				CFB8D3792E91586B00129E59 /* HomeView.swift */,
			);
			path = View;
			sourceTree = "<group>";
		};
		CF237D3B2E93A753002A9013 /* Model */ = {
			isa = PBXGroup;
			children = (
				CF06445C2EB23E74003603CC /* DateModel.swift */,
			);
			path = Model;
			sourceTree = "<group>";
		};
		CF4D79FA2EB8C138008B4653 /* View */ = {
			isa = PBXGroup;
			children = (
				CF66AE842E93C04900C83DD1 /* BookingView.swift */,
				CFD149D12EB9D43E00CBC397 /* RideRow.swift */,
				CFD149D52EB9DD5D00CBC397 /* CardRow.swift */,
			);
			path = View;
			sourceTree = "<group>";
		};
		CF4D79FB2EB8C143008B4653 /* View Model */ = {
			isa = PBXGroup;
			children = (
				CF4D79FF2EB8C2EF008B4653 /* BookingDetailViewModel.swift */,
			);
			path = "View Model";
			sourceTree = "<group>";
		};
		CF4D79FC2EB8C14B008B4653 /* Model */ = {
			isa = PBXGroup;
			children = (
				CF4D79FD2EB8C15E008B4653 /* VehicleList.swift */,
				CFD149D32EB9D9D900CBC397 /* SaveCard.swift */,
			);
			path = Model;
			sourceTree = "<group>";
		};
		CF5389222E966773000F9B64 /* Ride Detail */ = {
			isa = PBXGroup;
			children = (
				CF5BD41B2E954A3E00DF7AD5 /* RideDetailView.swift */,
			);
			path = "Ride Detail";
			sourceTree = "<group>";
		};
		CF5389252E9668F7000F9B64 /* Driver Detail */ = {
			isa = PBXGroup;
			children = (
				CF5389232E9668EB000F9B64 /* DriverDetailView.swift */,
			);
			path = "Driver Detail";
			sourceTree = "<group>";
		};
		CF5659832EB3780400A4B3D7 /* View */ = {
			isa = PBXGroup;
			children = (
				CFD0CD232E8D44FB001A7FFD /* LoginView.swift */,
			);
			path = View;
			sourceTree = "<group>";
		};
		CF5659842EB3780B00A4B3D7 /* Model */ = {
			isa = PBXGroup;
			children = (
				CF5659882EB3789600A4B3D7 /* LoginResponse.swift */,
			);
			path = Model;
			sourceTree = "<group>";
		};
		CF5659852EB3781500A4B3D7 /* View Model */ = {
			isa = PBXGroup;
			children = (
				CF5659952EB37C6200A4B3D7 /* LoginViewModel.swift */,
			);
			path = "View Model";
			sourceTree = "<group>";
		};
		CF5659922EB37B7F00A4B3D7 /* Https */ = {
			isa = PBXGroup;
			children = (
				CF84300E2EB485B500DFE02F /* Api.swift */,
				CF5659932EB37B8F00A4B3D7 /* Router.swift */,
				CF8430102EB485BE00DFE02F /* Service.swift */,
			);
			path = Https;
			sourceTree = "<group>";
		};
		CF5659992EB3947700A4B3D7 /* Extension */ = {
			isa = PBXGroup;
			children = (
				CF0644352EB212DF003603CC /* KeyboardResponder.swift */,
				CF1B11622E8CF7280044E1B2 /* UiExtension.swift */,
				CF8E51742E98DEA20018469A /* BackButton.swift */,
				CF8DE8802EA26C3800F75D73 /* CustomButtonAction.swift */,
				CF61AFAB2E99314C0064965A /* CustomLogo.swift */,
				CF5659972EB37FBB00A4B3D7 /* EncodableExtension.swift */,
				CF8D2D202EB638F200F452EB /* Constant.swift */,
				CFD149DB2EB9F73C00CBC397 /* ImagePicker.swift */,
			);
			path = Extension;
			sourceTree = "<group>";
		};
		CF56599A2EB394B400A4B3D7 /* Location Manager */ = {
			isa = PBXGroup;
			children = (
				CF939ED72EB1EE5F007B982A /* LocationSearchViewModel.swift */,
			);
			path = "Location Manager";
			sourceTree = "<group>";
		};
		CF8430152EB4868200DFE02F /* Objc */ = {
			isa = PBXGroup;
			children = (
				CF8430162EB4868D00DFE02F /* MBProgressHUD.h */,
				CF8430172EB4868D00DFE02F /* MBProgressHUD.m */,
				CF8430182EB4868D00DFE02F /* Reachability.h */,
				CF8430192EB4868D00DFE02F /* Reachability.m */,
				CF84301C2EB4868F00DFE02F /* Glisexab-Bridging-Header.h */,
			);
			path = Objc;
			sourceTree = "<group>";
		};
		CF89E5062E9905710026C76C /* Save Address */ = {
			isa = PBXGroup;
			children = (
				CF1D746B2EBC7A04007A71D7 /* Model */,
				CF1D74682EBC79A3007A71D7 /* View Model */,
				CF1D74672EBC799A007A71D7 /* View */,
			);
			path = "Save Address";
			sourceTree = "<group>";
		};
		CF8D2D1D2EB6332600F452EB /* View */ = {
			isa = PBXGroup;
			children = (
				CFC40B2C2E91205400DAC1D3 /* ForgetPasswordView.swift */,
			);
			path = View;
			sourceTree = "<group>";
		};
		CF8E51762E98E0050018469A /* Edit Profile */ = {
			isa = PBXGroup;
			children = (
				CFD149D72EB9F28100CBC397 /* View Model */,
				CFD149D82EB9F28A00CBC397 /* View */,
			);
			path = "Edit Profile";
			sourceTree = "<group>";
		};
		CF8E517B2E98E8B00018469A /* Add Address */ = {
			isa = PBXGroup;
			children = (
				CF1531262EBDED6000F4B55F /* Model */,
				CF1531232EBDEC7800F4B55F /* View Model */,
				CF1531222EBDEC7100F4B55F /* View */,
			);
			path = "Add Address";
			sourceTree = "<group>";
		};
		CF8FAF5C2EB4BCDF0062DA16 /* View */ = {
			isa = PBXGroup;
			children = (
				CFFC86442E90F2380050CEBB /* SignupView.swift */,
			);
			path = View;
			sourceTree = "<group>";
		};
		CF8FAF5E2EB4BCF40062DA16 /* View Model */ = {
			isa = PBXGroup;
			children = (
				CF8FAF5F2EB4BD470062DA16 /* SignupViewModel.swift */,
			);
			path = "View Model";
			sourceTree = "<group>";
		};
		CF8FAF612EB4C30F0062DA16 /* Address Picker */ = {
			isa = PBXGroup;
			children = (
				CF8FAF6E2EB4CD4D0062DA16 /* Model */,
				CF8FAF632EB4C3210062DA16 /* View Model */,
				CF8FAF622EB4C31B0062DA16 /* View */,
			);
			path = "Address Picker";
			sourceTree = "<group>";
		};
		CF8FAF622EB4C31B0062DA16 /* View */ = {
			isa = PBXGroup;
			children = (
				CF8FAF642EB4C3440062DA16 /* AddressPickerView.swift */,
			);
			path = View;
			sourceTree = "<group>";
		};
		CF8FAF632EB4C3210062DA16 /* View Model */ = {
			isa = PBXGroup;
			children = (
				CF8FAF662EB4C3540062DA16 /* AddressPickerViewModel.swift */,
			);
			path = "View Model";
			sourceTree = "<group>";
		};
		CF8FAF6E2EB4CD4D0062DA16 /* Model */ = {
			isa = PBXGroup;
			children = (
				CF8FAF6F2EB4CD5A0062DA16 /* LocationData.swift */,
			);
			path = Model;
			sourceTree = "<group>";
		};
		CF939ED42EB1ED74007B982A /* Map Annotation */ = {
			isa = PBXGroup;
			children = (
				CF939ED52EB1EDA3007B982A /* CustomMapView.swift */,
			);
			path = "Map Annotation";
			sourceTree = "<group>";
		};
		CF9984082EB5DD500066FC88 /* Custom Alert */ = {
			isa = PBXGroup;
			children = (
				CF9984092EB5DD640066FC88 /* CustomError.swift */,
				CF99840D2EB5DD990066FC88 /* CustomErrorBanner.swift */,
				CF8D2D142EB6191B00F452EB /* CustomAlertView.swift */,
			);
			path = "Custom Alert";
			sourceTree = "<group>";
		};
		CF9B61602E8D105900D0C230 /* View */ = {
			isa = PBXGroup;
			children = (
				CF87873B2E8CFAD200FEFB2D /* OnboardingView.swift */,
			);
			path = View;
			sourceTree = "<group>";
		};
		CF9B61612E8D106700D0C230 /* Onboarding */ = {
			isa = PBXGroup;
			children = (
				CF9B61602E8D105900D0C230 /* View */,
			);
			path = Onboarding;
			sourceTree = "<group>";
		};
		CFADBFC72E9D374300A3161C /* Navigation */ = {
			isa = PBXGroup;
			children = (
				CFADBFBF2E9D2DFD00A3161C /* NavigationRouter.swift */,
				CFADBFC32E9D300A00A3161C /* AppNavigationView.swift */,
				CFADBFC52E9D371900A3161C /* RootView.swift */,
			);
			path = Navigation;
			sourceTree = "<group>";
		};
		CFC1AED32EB34EAD001E57AE /* Chat */ = {
			isa = PBXGroup;
			children = (
				CFC1AED72EB35226001E57AE /* Model */,
				CFC1AED62EB3501F001E57AE /* View */,
			);
			path = Chat;
			sourceTree = "<group>";
		};
		CFC1AED62EB3501F001E57AE /* View */ = {
			isa = PBXGroup;
			children = (
				CFC1AED42EB34F11001E57AE /* ChatView.swift */,
			);
			path = View;
			sourceTree = "<group>";
		};
		CFC1AED72EB35226001E57AE /* Model */ = {
			isa = PBXGroup;
			children = (
				CFC1AED82EB3523D001E57AE /* DataModel.swift */,
			);
			path = Model;
			sourceTree = "<group>";
		};
		CFC40B2B2E911FEA00DAC1D3 /* Signup */ = {
			isa = PBXGroup;
			children = (
				CF8FAF5C2EB4BCDF0062DA16 /* View */,
				CF8FAF5E2EB4BCF40062DA16 /* View Model */,
			);
			path = Signup;
			sourceTree = "<group>";
		};
		CFC40B2E2E9128C300DAC1D3 /* Forget Password */ = {
			isa = PBXGroup;
			children = (
				CF8D2D1D2EB6332600F452EB /* View */,
			);
			path = "Forget Password";
			sourceTree = "<group>";
		};
		CFC40B2F2E912CA200DAC1D3 /* Primary */ = {
			isa = PBXGroup;
			children = (
				CFD0CD222E8D4229001A7FFD /* Welcome */,
				CF9B61612E8D106700D0C230 /* Onboarding */,
				CFFC86432E90F2250050CEBB /* Login */,
				CFC40B2B2E911FEA00DAC1D3 /* Signup */,
				CFC40B2E2E9128C300DAC1D3 /* Forget Password */,
				CF8FAF612EB4C30F0062DA16 /* Address Picker */,
			);
			path = Primary;
			sourceTree = "<group>";
		};
		CFC40B302E912CAB00DAC1D3 /* Main */ = {
			isa = PBXGroup;
			children = (
				CFC9C5F22E97CFF3003F5BB9 /* Home */,
				CFC9C5F32E97D007003F5BB9 /* Settings */,
			);
			path = Main;
			sourceTree = "<group>";
		};
		CFC9C5F22E97CFF3003F5BB9 /* Home */ = {
			isa = PBXGroup;
			children = (
				CF237D392E93A3AE002A9013 /* Home */,
				CF0C28482E93EE95007F9C3B /* Booking Detail */,
				CFD1EFFF2E94DDCE00C792A7 /* Schedule Booking */,
				CFD22ED52EAF3DA2001E188A /* Ride History */,
				CFC1AED32EB34EAD001E57AE /* Chat */,
				CFD1F0022E94F16E00C792A7 /* PopUp */,
				CFD1F0062E94FC4000C792A7 /* Search Driver */,
				CFD1F0092E94FDBD00C792A7 /* Tracking */,
				CF5389222E966773000F9B64 /* Ride Detail */,
				CF5389252E9668F7000F9B64 /* Driver Detail */,
			);
			path = Home;
			sourceTree = "<group>";
		};
		CFC9C5F32E97D007003F5BB9 /* Settings */ = {
			isa = PBXGroup;
			children = (
				CFC9C5F42E97D04D003F5BB9 /* SettingView.swift */,
				CF8E51762E98E0050018469A /* Edit Profile */,
				CF8E517B2E98E8B00018469A /* Add Address */,
				CF89E5062E9905710026C76C /* Save Address */,
				CF1D74602EBC6E93007A71D7 /* ChangePassword */,
			);
			path = Settings;
			sourceTree = "<group>";
		};
		CFD0C9162E8BE22300E7FC9B = {
			isa = PBXGroup;
			children = (
				CFD0C9302E8BE7EA00E7FC9B /* Glisexab */,
				CFD0C9202E8BE22300E7FC9B /* Products */,
			);
			sourceTree = "<group>";
		};
		CFD0C9202E8BE22300E7FC9B /* Products */ = {
			isa = PBXGroup;
			children = (
				CFD0C91F2E8BE22300E7FC9B /* Glisexab.app */,
			);
			name = Products;
			sourceTree = "<group>";
		};
		CFD0C9302E8BE7EA00E7FC9B /* Glisexab */ = {
			isa = PBXGroup;
			children = (
				CF3A96582E8C04CB0020E723 /* Info.plist */,
				CFD0C92F2E8BE7EA00E7FC9B /* GlisexabApp.swift */,
				CF0644572EB21BCA003603CC /* AppDelegate.swift */,
				CF1B11612E8CF6CB0044E1B2 /* Font */,
				CF1B11642E8CF73D0044E1B2 /* Component */,
				CFD0C9362E8BE91A00E7FC9B /* Resource */,
				CFD0C9392E8BE93B00E7FC9B /* View */,
			);
			path = Glisexab;
			sourceTree = "<group>";
		};
		CFD0C9362E8BE91A00E7FC9B /* Resource */ = {
			isa = PBXGroup;
			children = (
				CFD0C92D2E8BE7EA00E7FC9B /* Assets.xcassets */,
			);
			path = Resource;
			sourceTree = "<group>";
		};
		CFD0C9392E8BE93B00E7FC9B /* View */ = {
			isa = PBXGroup;
			children = (
				CFC40B2F2E912CA200DAC1D3 /* Primary */,
				CFC40B302E912CAB00DAC1D3 /* Main */,
			);
			path = View;
			sourceTree = "<group>";
		};
		CFD0CD222E8D4229001A7FFD /* Welcome */ = {
			isa = PBXGroup;
			children = (
				CFD0C9382E8BE93B00E7FC9B /* WelcomeView.swift */,
			);
			path = Welcome;
			sourceTree = "<group>";
		};
		CFD149D72EB9F28100CBC397 /* View Model */ = {
			isa = PBXGroup;
			children = (
				CFD149D92EB9F29F00CBC397 /* ProfileViewModel.swift */,
			);
			path = "View Model";
			sourceTree = "<group>";
		};
		CFD149D82EB9F28A00CBC397 /* View */ = {
			isa = PBXGroup;
			children = (
				CF8E51772E98E0250018469A /* EditProfileView.swift */,
			);
			path = View;
			sourceTree = "<group>";
		};
		CFD1EFFF2E94DDCE00C792A7 /* Schedule Booking */ = {
			isa = PBXGroup;
			children = (
				CF0C28492E93EEB0007F9C3B /* ScheduleBookingView.swift */,
			);
			path = "Schedule Booking";
			sourceTree = "<group>";
		};
		CFD1F0022E94F16E00C792A7 /* PopUp */ = {
			isa = PBXGroup;
			children = (
				CFD1F0002E94DE0900C792A7 /* PopupBargainView.swift */,
			);
			path = PopUp;
			sourceTree = "<group>";
		};
		CFD1F0062E94FC4000C792A7 /* Search Driver */ = {
			isa = PBXGroup;
			children = (
				CFD1F0032E94F41B00C792A7 /* SearchDriverView.swift */,
			);
			path = "Search Driver";
			sourceTree = "<group>";
		};
		CFD1F0092E94FDBD00C792A7 /* Tracking */ = {
			isa = PBXGroup;
			children = (
				CFD1F0072E94FDB800C792A7 /* TrackingView.swift */,
			);
			path = Tracking;
			sourceTree = "<group>";
		};
		CFD22ED52EAF3DA2001E188A /* Ride History */ = {
			isa = PBXGroup;
			children = (
				CFD22ED42EAF3DA2001E188A /* HistoryView.swift */,
			);
			path = "Ride History";
			sourceTree = "<group>";
		};
		CFFC86432E90F2250050CEBB /* Login */ = {
			isa = PBXGroup;
			children = (
				CF5659842EB3780B00A4B3D7 /* Model */,
				CF5659832EB3780400A4B3D7 /* View */,
				CF5659852EB3781500A4B3D7 /* View Model */,
			);
			path = Login;
			sourceTree = "<group>";
		};
/* End PBXGroup section */

/* Begin PBXNativeTarget section */
		CFD0C91E2E8BE22300E7FC9B /* Glisexab */ = {
			isa = PBXNativeTarget;
			buildConfigurationList = CFD0C92A2E8BE22500E7FC9B /* Build configuration list for PBXNativeTarget "Glisexab" */;
			buildPhases = (
				CFD0C91B2E8BE22300E7FC9B /* Sources */,
				CFD0C91C2E8BE22300E7FC9B /* Frameworks */,
				CFD0C91D2E8BE22300E7FC9B /* Resources */,
			);
			buildRules = (
			);
			dependencies = (
			);
			name = Glisexab;
			packageProductDependencies = (
				CF0644382EB21406003603CC /* IQKeyboardManagerSwift */,
				CF56598B2EB37A4500A4B3D7 /* Alamofire */,
				CF84301E2EB49B4D00DFE02F /* CountryPicker */,
				CFCF779F2EB8E3FE007707C9 /* SDWebImageSwiftUI */,
			);
			productName = Glisexab;
			productReference = CFD0C91F2E8BE22300E7FC9B /* Glisexab.app */;
			productType = "com.apple.product-type.application";
		};
/* End PBXNativeTarget section */

/* Begin PBXProject section */
		CFD0C9172E8BE22300E7FC9B /* Project object */ = {
			isa = PBXProject;
			attributes = {
				BuildIndependentTargetsInParallel = 1;
				LastSwiftUpdateCheck = 2600;
				LastUpgradeCheck = 2600;
				TargetAttributes = {
					CFD0C91E2E8BE22300E7FC9B = {
						CreatedOnToolsVersion = 26.0.1;
						LastSwiftMigration = 2600;
					};
				};
			};
			buildConfigurationList = CFD0C91A2E8BE22300E7FC9B /* Build configuration list for PBXProject "Glisexab" */;
			developmentRegion = en;
			hasScannedForEncodings = 0;
			knownRegions = (
				en,
				Base,
			);
			mainGroup = CFD0C9162E8BE22300E7FC9B;
			minimizedProjectReferenceProxies = 1;
			packageReferences = (
				CF0644372EB21406003603CC /* XCRemoteSwiftPackageReference "IQKeyboardManager" */,
				CF56598A2EB37A4500A4B3D7 /* XCRemoteSwiftPackageReference "Alamofire" */,
				CF84301D2EB49B4D00DFE02F /* XCRemoteSwiftPackageReference "CountryPicker" */,
				CFCF779E2EB8E3FE007707C9 /* XCRemoteSwiftPackageReference "SDWebImageSwiftUI" */,
			);
			preferredProjectObjectVersion = 77;
			productRefGroup = CFD0C9202E8BE22300E7FC9B /* Products */;
			projectDirPath = "";
			projectRoot = "";
			targets = (
				CFD0C91E2E8BE22300E7FC9B /* Glisexab */,
			);
		};
/* End PBXProject section */

/* Begin PBXResourcesBuildPhase section */
		CFD0C91D2E8BE22300E7FC9B /* Resources */ = {
			isa = PBXResourcesBuildPhase;
			buildActionMask = 2147483647;
			files = (
				CFD0C9312E8BE7EA00E7FC9B /* Assets.xcassets in Resources */,
				CFA635892E8CF535006A62E7 /* Inter-ExtraBold.otf in Resources */,
				CFA6358A2E8CF535006A62E7 /* Inter-BoldItalic.otf in Resources */,
				CFA6358B2E8CF535006A62E7 /* Inter-ExtraLightItalic-BETA.otf in Resources */,
				CFA6358C2E8CF535006A62E7 /* Inter-MediumItalic.otf in Resources */,
				CFA6358D2E8CF535006A62E7 /* Inter-Light-BETA.otf in Resources */,
				CFA6358E2E8CF535006A62E7 /* Inter-Thin-BETA.otf in Resources */,
				CFA6358F2E8CF535006A62E7 /* Inter-LightItalic-BETA.otf in Resources */,
				CFA635902E8CF535006A62E7 /* Inter-ExtraLight-BETA.otf in Resources */,
				CFA635912E8CF535006A62E7 /* Inter-Black.otf in Resources */,
				CFA635922E8CF535006A62E7 /* Inter-SemiBoldItalic.otf in Resources */,
				CFA635932E8CF535006A62E7 /* Inter-Italic.otf in Resources */,
				CFA635942E8CF535006A62E7 /* Inter-ThinItalic-BETA.otf in Resources */,
				CFA635952E8CF535006A62E7 /* Inter-Bold.otf in Resources */,
				CFA635962E8CF535006A62E7 /* Inter-ExtraBoldItalic.otf in Resources */,
				CFA635972E8CF535006A62E7 /* Inter-BlackItalic.otf in Resources */,
				CFA635982E8CF535006A62E7 /* Inter-Regular.otf in Resources */,
				CFA635992E8CF535006A62E7 /* Inter-SemiBold.otf in Resources */,
				CFA6359A2E8CF535006A62E7 /* Inter-Medium.otf in Resources */,
			);
			runOnlyForDeploymentPostprocessing = 0;
		};
/* End PBXResourcesBuildPhase section */

/* Begin PBXSourcesBuildPhase section */
		CFD0C91B2E8BE22300E7FC9B /* Sources */ = {
			isa = PBXSourcesBuildPhase;
			buildActionMask = 2147483647;
			files = (
				CF5659942EB37B8F00A4B3D7 /* Router.swift in Sources */,
				CF8FAF652EB4C3440062DA16 /* AddressPickerView.swift in Sources */,
				CF99840A2EB5DD640066FC88 /* CustomError.swift in Sources */,
				CF0644582EB21BCA003603CC /* AppDelegate.swift in Sources */,
				CF8E51782E98E0250018469A /* EditProfileView.swift in Sources */,
				CF66AE852E93C04900C83DD1 /* BookingView.swift in Sources */,
				CF8DE8812EA26C3800F75D73 /* CustomButtonAction.swift in Sources */,
				CF1D746F2EBC7F80007A71D7 /* SaveAddressRow.swift in Sources */,
				CFD149D42EB9D9D900CBC397 /* SaveCard.swift in Sources */,
				CFD22ED62EAF3DA2001E188A /* HistoryView.swift in Sources */,
				CF5389242E9668EB000F9B64 /* DriverDetailView.swift in Sources */,
				CF5659892EB3789600A4B3D7 /* LoginResponse.swift in Sources */,
				CFADBFC02E9D2DFD00A3161C /* NavigationRouter.swift in Sources */,
				CF8FAF5B2EB4B5AA0062DA16 /* CountryPickerUI.swift in Sources */,
				CF1D746D2EBC7A28007A71D7 /* InfoAddress.swift in Sources */,
				CF8E517A2E98E89B0018469A /* AddAddressView.swift in Sources */,
				CFD1F0042E94F41B00C792A7 /* SearchDriverView.swift in Sources */,
				CFC40B2D2E91205400DAC1D3 /* ForgetPasswordView.swift in Sources */,
				CFD149DA2EB9F29F00CBC397 /* ProfileViewModel.swift in Sources */,
				CF84300F2EB485B500DFE02F /* Api.swift in Sources */,
				CF8E51752E98DEA20018469A /* BackButton.swift in Sources */,
				CF61AFAC2E99314C0064965A /* CustomLogo.swift in Sources */,
				CFFC86452E90F2380050CEBB /* SignupView.swift in Sources */,
				CF1D745F2EBC6E8E007A71D7 /* ChangePasswordView.swift in Sources */,
				CF4D7A002EB8C2EF008B4653 /* BookingDetailViewModel.swift in Sources */,
				CFD149DC2EB9F73C00CBC397 /* ImagePicker.swift in Sources */,
				CFD149D62EB9DD5D00CBC397 /* CardRow.swift in Sources */,
				CFB8D37A2E91586B00129E59 /* HomeView.swift in Sources */,
				CF0C284A2E93EEB0007F9C3B /* ScheduleBookingView.swift in Sources */,
				CF06445B2EB2295B003603CC /* Utility.swift in Sources */,
				CF1D74662EBC6F7D007A71D7 /* ChangePasswordViewModel.swift in Sources */,
				CF5659962EB37C6200A4B3D7 /* LoginViewModel.swift in Sources */,
				CF89E5052E99056E0026C76C /* SaveAddressView.swift in Sources */,
				CF8FAF702EB4CD5A0062DA16 /* LocationData.swift in Sources */,
				CFC1AED92EB3523D001E57AE /* DataModel.swift in Sources */,
				CFD149D22EB9D43E00CBC397 /* RideRow.swift in Sources */,
				CFADBFC62E9D371900A3161C /* RootView.swift in Sources */,
				CF8FAF672EB4C3540062DA16 /* AddressPickerViewModel.swift in Sources */,
				CFD0C9332E8BE7EA00E7FC9B /* GlisexabApp.swift in Sources */,
				CF1531252EBDEC8F00F4B55F /* AddAddressViewModel.swift in Sources */,
				CF1D74712EBCBA85007A71D7 /* Basic.swift in Sources */,
				CF8D2D152EB6191B00F452EB /* CustomAlertView.swift in Sources */,
				CF8FAF602EB4BD470062DA16 /* SignupViewModel.swift in Sources */,
				CF1D746A2EBC79BC007A71D7 /* SaveAddressViewModel.swift in Sources */,
				CF5BD41C2E954A3E00DF7AD5 /* RideDetailView.swift in Sources */,
				CFC9C5F52E97D04D003F5BB9 /* SettingView.swift in Sources */,
				CF0644362EB212DF003603CC /* KeyboardResponder.swift in Sources */,
				CFADBFC42E9D300A00A3161C /* AppNavigationView.swift in Sources */,
				CF141C2E2EB334A100EB00F8 /* AppState.swift in Sources */,
				CF87873C2E8CFAD200FEFB2D /* OnboardingView.swift in Sources */,
				CF939ED82EB1EE60007B982A /* LocationSearchViewModel.swift in Sources */,
				CFD0C93A2E8BE93B00E7FC9B /* WelcomeView.swift in Sources */,
				CF939ED62EB1EDA3007B982A /* CustomMapView.swift in Sources */,
				CFD1F0082E94FDB800C792A7 /* TrackingView.swift in Sources */,
				CFD0CD242E8D44FB001A7FFD /* LoginView.swift in Sources */,
				CF5659982EB37FBB00A4B3D7 /* EncodableExtension.swift in Sources */,
				CF06445D2EB23E74003603CC /* DateModel.swift in Sources */,
				CF8430142EB4865B00DFE02F /* InternetConnection.swift in Sources */,
				CF4D79FE2EB8C15E008B4653 /* VehicleList.swift in Sources */,
				CF99840E2EB5DD990066FC88 /* CustomErrorBanner.swift in Sources */,
				CF84301A2EB4868D00DFE02F /* MBProgressHUD.m in Sources */,
				CF84301B2EB4868D00DFE02F /* Reachability.m in Sources */,
				CFC1AED52EB34F11001E57AE /* ChatView.swift in Sources */,
				CF8430112EB485BE00DFE02F /* Service.swift in Sources */,
				CF8D2D212EB638F200F452EB /* Constant.swift in Sources */,
				CFD1F0012E94DE0900C792A7 /* PopupBargainView.swift in Sources */,
				CF1531282EBDED6E00F4B55F /* AddAddress.swift in Sources */,
				CF1B11632E8CF7280044E1B2 /* UiExtension.swift in Sources */,
			);
			runOnlyForDeploymentPostprocessing = 0;
		};
/* End PBXSourcesBuildPhase section */

/* Begin XCBuildConfiguration section */
		CFD0C9282E8BE22500E7FC9B /* Debug */ = {
			isa = XCBuildConfiguration;
			buildSettings = {
				ALWAYS_SEARCH_USER_PATHS = NO;
				ASSETCATALOG_COMPILER_GENERATE_SWIFT_ASSET_SYMBOL_EXTENSIONS = YES;
				CLANG_ANALYZER_NONNULL = YES;
				CLANG_ANALYZER_NUMBER_OBJECT_CONVERSION = YES_AGGRESSIVE;
				CLANG_CXX_LANGUAGE_STANDARD = "gnu++20";
				CLANG_ENABLE_MODULES = YES;
				CLANG_ENABLE_OBJC_ARC = YES;
				CLANG_ENABLE_OBJC_WEAK = YES;
				CLANG_WARN_BLOCK_CAPTURE_AUTORELEASING = YES;
				CLANG_WARN_BOOL_CONVERSION = YES;
				CLANG_WARN_COMMA = YES;
				CLANG_WARN_CONSTANT_CONVERSION = YES;
				CLANG_WARN_DEPRECATED_OBJC_IMPLEMENTATIONS = YES;
				CLANG_WARN_DIRECT_OBJC_ISA_USAGE = YES_ERROR;
				CLANG_WARN_DOCUMENTATION_COMMENTS = YES;
				CLANG_WARN_EMPTY_BODY = YES;
				CLANG_WARN_ENUM_CONVERSION = YES;
				CLANG_WARN_INFINITE_RECURSION = YES;
				CLANG_WARN_INT_CONVERSION = YES;
				CLANG_WARN_NON_LITERAL_NULL_CONVERSION = YES;
				CLANG_WARN_OBJC_IMPLICIT_RETAIN_SELF = YES;
				CLANG_WARN_OBJC_LITERAL_CONVERSION = YES;
				CLANG_WARN_OBJC_ROOT_CLASS = YES_ERROR;
				CLANG_WARN_QUOTED_INCLUDE_IN_FRAMEWORK_HEADER = YES;
				CLANG_WARN_RANGE_LOOP_ANALYSIS = YES;
				CLANG_WARN_STRICT_PROTOTYPES = YES;
				CLANG_WARN_SUSPICIOUS_MOVE = YES;
				CLANG_WARN_UNGUARDED_AVAILABILITY = YES_AGGRESSIVE;
				CLANG_WARN_UNREACHABLE_CODE = YES;
				CLANG_WARN__DUPLICATE_METHOD_MATCH = YES;
				COPY_PHASE_STRIP = NO;
				DEBUG_INFORMATION_FORMAT = dwarf;
				ENABLE_STRICT_OBJC_MSGSEND = YES;
				ENABLE_TESTABILITY = YES;
				ENABLE_USER_SCRIPT_SANDBOXING = YES;
				GCC_C_LANGUAGE_STANDARD = gnu17;
				GCC_DYNAMIC_NO_PIC = NO;
				GCC_NO_COMMON_BLOCKS = YES;
				GCC_OPTIMIZATION_LEVEL = 0;
				GCC_PREPROCESSOR_DEFINITIONS = (
					"DEBUG=1",
					"$(inherited)",
				);
				GCC_WARN_64_TO_32_BIT_CONVERSION = YES;
				GCC_WARN_ABOUT_RETURN_TYPE = YES_ERROR;
				GCC_WARN_UNDECLARED_SELECTOR = YES;
				GCC_WARN_UNINITIALIZED_AUTOS = YES_AGGRESSIVE;
				GCC_WARN_UNUSED_FUNCTION = YES;
				GCC_WARN_UNUSED_VARIABLE = YES;
				IPHONEOS_DEPLOYMENT_TARGET = 26.0;
				LOCALIZATION_PREFERS_STRING_CATALOGS = YES;
				MTL_ENABLE_DEBUG_INFO = INCLUDE_SOURCE;
				MTL_FAST_MATH = YES;
				ONLY_ACTIVE_ARCH = YES;
				SDKROOT = iphoneos;
				SWIFT_ACTIVE_COMPILATION_CONDITIONS = "DEBUG $(inherited)";
				SWIFT_OPTIMIZATION_LEVEL = "-Onone";
			};
			name = Debug;
		};
		CFD0C9292E8BE22500E7FC9B /* Release */ = {
			isa = XCBuildConfiguration;
			buildSettings = {
				ALWAYS_SEARCH_USER_PATHS = NO;
				ASSETCATALOG_COMPILER_GENERATE_SWIFT_ASSET_SYMBOL_EXTENSIONS = YES;
				CLANG_ANALYZER_NONNULL = YES;
				CLANG_ANALYZER_NUMBER_OBJECT_CONVERSION = YES_AGGRESSIVE;
				CLANG_CXX_LANGUAGE_STANDARD = "gnu++20";
				CLANG_ENABLE_MODULES = YES;
				CLANG_ENABLE_OBJC_ARC = YES;
				CLANG_ENABLE_OBJC_WEAK = YES;
				CLANG_WARN_BLOCK_CAPTURE_AUTORELEASING = YES;
				CLANG_WARN_BOOL_CONVERSION = YES;
				CLANG_WARN_COMMA = YES;
				CLANG_WARN_CONSTANT_CONVERSION = YES;
				CLANG_WARN_DEPRECATED_OBJC_IMPLEMENTATIONS = YES;
				CLANG_WARN_DIRECT_OBJC_ISA_USAGE = YES_ERROR;
				CLANG_WARN_DOCUMENTATION_COMMENTS = YES;
				CLANG_WARN_EMPTY_BODY = YES;
				CLANG_WARN_ENUM_CONVERSION = YES;
				CLANG_WARN_INFINITE_RECURSION = YES;
				CLANG_WARN_INT_CONVERSION = YES;
				CLANG_WARN_NON_LITERAL_NULL_CONVERSION = YES;
				CLANG_WARN_OBJC_IMPLICIT_RETAIN_SELF = YES;
				CLANG_WARN_OBJC_LITERAL_CONVERSION = YES;
				CLANG_WARN_OBJC_ROOT_CLASS = YES_ERROR;
				CLANG_WARN_QUOTED_INCLUDE_IN_FRAMEWORK_HEADER = YES;
				CLANG_WARN_RANGE_LOOP_ANALYSIS = YES;
				CLANG_WARN_STRICT_PROTOTYPES = YES;
				CLANG_WARN_SUSPICIOUS_MOVE = YES;
				CLANG_WARN_UNGUARDED_AVAILABILITY = YES_AGGRESSIVE;
				CLANG_WARN_UNREACHABLE_CODE = YES;
				CLANG_WARN__DUPLICATE_METHOD_MATCH = YES;
				COPY_PHASE_STRIP = NO;
				DEBUG_INFORMATION_FORMAT = "dwarf-with-dsym";
				ENABLE_NS_ASSERTIONS = NO;
				ENABLE_STRICT_OBJC_MSGSEND = YES;
				ENABLE_USER_SCRIPT_SANDBOXING = YES;
				GCC_C_LANGUAGE_STANDARD = gnu17;
				GCC_NO_COMMON_BLOCKS = YES;
				GCC_WARN_64_TO_32_BIT_CONVERSION = YES;
				GCC_WARN_ABOUT_RETURN_TYPE = YES_ERROR;
				GCC_WARN_UNDECLARED_SELECTOR = YES;
				GCC_WARN_UNINITIALIZED_AUTOS = YES_AGGRESSIVE;
				GCC_WARN_UNUSED_FUNCTION = YES;
				GCC_WARN_UNUSED_VARIABLE = YES;
				IPHONEOS_DEPLOYMENT_TARGET = 26.0;
				LOCALIZATION_PREFERS_STRING_CATALOGS = YES;
				MTL_ENABLE_DEBUG_INFO = NO;
				MTL_FAST_MATH = YES;
				SDKROOT = iphoneos;
				SWIFT_COMPILATION_MODE = wholemodule;
				VALIDATE_PRODUCT = YES;
			};
			name = Release;
		};
		CFD0C92B2E8BE22500E7FC9B /* Debug */ = {
			isa = XCBuildConfiguration;
			buildSettings = {
				ASSETCATALOG_COMPILER_APPICON_NAME = AppIcon;
				ASSETCATALOG_COMPILER_GLOBAL_ACCENT_COLOR_NAME = AccentColor;
				CLANG_ENABLE_MODULES = YES;
				CODE_SIGN_IDENTITY = "Apple Development";
				CODE_SIGN_STYLE = Automatic;
				CURRENT_PROJECT_VERSION = 1;
				DEVELOPMENT_TEAM = 5P7MCR7S32;
				ENABLE_PREVIEWS = YES;
				GENERATE_INFOPLIST_FILE = YES;
				INFOPLIST_FILE = Glisexab/Info.plist;
				INFOPLIST_KEY_UIApplicationSceneManifest_Generation = YES;
				INFOPLIST_KEY_UIApplicationSupportsIndirectInputEvents = YES;
				INFOPLIST_KEY_UISupportedInterfaceOrientations_iPad = "UIInterfaceOrientationPortrait UIInterfaceOrientationPortraitUpsideDown UIInterfaceOrientationLandscapeLeft UIInterfaceOrientationLandscapeRight";
				INFOPLIST_KEY_UISupportedInterfaceOrientations_iPhone = "UIInterfaceOrientationPortrait UIInterfaceOrientationLandscapeLeft UIInterfaceOrientationLandscapeRight";
				IPHONEOS_DEPLOYMENT_TARGET = 15.6;
				LD_RUNPATH_SEARCH_PATHS = (
					"$(inherited)",
					"@executable_path/Frameworks",
				);
				MARKETING_VERSION = 1.0;
				PRODUCT_BUNDLE_IDENTIFIER = com.Main.Glisexab;
				PRODUCT_NAME = "$(TARGET_NAME)";
				PROVISIONING_PROFILE_SPECIFIER = "";
				STRING_CATALOG_GENERATE_SYMBOLS = YES;
				SWIFT_APPROACHABLE_CONCURRENCY = YES;
				SWIFT_DEFAULT_ACTOR_ISOLATION = MainActor;
				SWIFT_EMIT_LOC_STRINGS = YES;
				SWIFT_OBJC_BRIDGING_HEADER = "Glisexab/Component/Objc/Glisexab-Bridging-Header.h";
				SWIFT_OPTIMIZATION_LEVEL = "-Onone";
				SWIFT_UPCOMING_FEATURE_MEMBER_IMPORT_VISIBILITY = YES;
				SWIFT_VERSION = 5.0;
				TARGETED_DEVICE_FAMILY = "1,2";
			};
			name = Debug;
		};
		CFD0C92C2E8BE22500E7FC9B /* Release */ = {
			isa = XCBuildConfiguration;
			buildSettings = {
				ASSETCATALOG_COMPILER_APPICON_NAME = AppIcon;
				ASSETCATALOG_COMPILER_GLOBAL_ACCENT_COLOR_NAME = AccentColor;
				CLANG_ENABLE_MODULES = YES;
				CODE_SIGN_IDENTITY = "Apple Development";
				CODE_SIGN_STYLE = Automatic;
				CURRENT_PROJECT_VERSION = 1;
				DEVELOPMENT_TEAM = 5P7MCR7S32;
				ENABLE_PREVIEWS = YES;
				GENERATE_INFOPLIST_FILE = YES;
				INFOPLIST_FILE = Glisexab/Info.plist;
				INFOPLIST_KEY_UIApplicationSceneManifest_Generation = YES;
				INFOPLIST_KEY_UIApplicationSupportsIndirectInputEvents = YES;
				INFOPLIST_KEY_UISupportedInterfaceOrientations_iPad = "UIInterfaceOrientationPortrait UIInterfaceOrientationPortraitUpsideDown UIInterfaceOrientationLandscapeLeft UIInterfaceOrientationLandscapeRight";
				INFOPLIST_KEY_UISupportedInterfaceOrientations_iPhone = "UIInterfaceOrientationPortrait UIInterfaceOrientationLandscapeLeft UIInterfaceOrientationLandscapeRight";
				IPHONEOS_DEPLOYMENT_TARGET = 15.6;
				LD_RUNPATH_SEARCH_PATHS = (
					"$(inherited)",
					"@executable_path/Frameworks",
				);
				MARKETING_VERSION = 1.0;
				PRODUCT_BUNDLE_IDENTIFIER = com.Main.Glisexab;
				PRODUCT_NAME = "$(TARGET_NAME)";
				PROVISIONING_PROFILE_SPECIFIER = "";
				STRING_CATALOG_GENERATE_SYMBOLS = YES;
				SWIFT_APPROACHABLE_CONCURRENCY = YES;
				SWIFT_DEFAULT_ACTOR_ISOLATION = MainActor;
				SWIFT_EMIT_LOC_STRINGS = YES;
				SWIFT_OBJC_BRIDGING_HEADER = "Glisexab/Component/Objc/Glisexab-Bridging-Header.h";
				SWIFT_UPCOMING_FEATURE_MEMBER_IMPORT_VISIBILITY = YES;
				SWIFT_VERSION = 5.0;
				TARGETED_DEVICE_FAMILY = "1,2";
			};
			name = Release;
		};
/* End XCBuildConfiguration section */

/* Begin XCConfigurationList section */
		CFD0C91A2E8BE22300E7FC9B /* Build configuration list for PBXProject "Glisexab" */ = {
			isa = XCConfigurationList;
			buildConfigurations = (
				CFD0C9282E8BE22500E7FC9B /* Debug */,
				CFD0C9292E8BE22500E7FC9B /* Release */,
			);
			defaultConfigurationIsVisible = 0;
			defaultConfigurationName = Release;
		};
		CFD0C92A2E8BE22500E7FC9B /* Build configuration list for PBXNativeTarget "Glisexab" */ = {
			isa = XCConfigurationList;
			buildConfigurations = (
				CFD0C92B2E8BE22500E7FC9B /* Debug */,
				CFD0C92C2E8BE22500E7FC9B /* Release */,
			);
			defaultConfigurationIsVisible = 0;
			defaultConfigurationName = Release;
		};
/* End XCConfigurationList section */

/* Begin XCRemoteSwiftPackageReference section */
		CF0644372EB21406003603CC /* XCRemoteSwiftPackageReference "IQKeyboardManager" */ = {
			isa = XCRemoteSwiftPackageReference;
			repositoryURL = "https://github.com/hackiftekhar/IQKeyboardManager.git";
			requirement = {
				kind = upToNextMajorVersion;
				minimumVersion = 8.0.1;
			};
		};
		CF56598A2EB37A4500A4B3D7 /* XCRemoteSwiftPackageReference "Alamofire" */ = {
			isa = XCRemoteSwiftPackageReference;
			repositoryURL = "https://github.com/Alamofire/Alamofire.git";
			requirement = {
				kind = upToNextMajorVersion;
				minimumVersion = 5.10.2;
			};
		};
		CF84301D2EB49B4D00DFE02F /* XCRemoteSwiftPackageReference "CountryPicker" */ = {
			isa = XCRemoteSwiftPackageReference;
			repositoryURL = "https://github.com/mobven/CountryPicker/";
			requirement = {
				kind = upToNextMajorVersion;
				minimumVersion = 2.0.3;
			};
		};
		CFCF779E2EB8E3FE007707C9 /* XCRemoteSwiftPackageReference "SDWebImageSwiftUI" */ = {
			isa = XCRemoteSwiftPackageReference;
			repositoryURL = "https://github.com/SDWebImage/SDWebImageSwiftUI.git";
			requirement = {
				kind = upToNextMajorVersion;
				minimumVersion = 3.1.4;
			};
		};
/* End XCRemoteSwiftPackageReference section */

/* Begin XCSwiftPackageProductDependency section */
		CF0644382EB21406003603CC /* IQKeyboardManagerSwift */ = {
			isa = XCSwiftPackageProductDependency;
			package = CF0644372EB21406003603CC /* XCRemoteSwiftPackageReference "IQKeyboardManager" */;
			productName = IQKeyboardManagerSwift;
		};
		CF56598B2EB37A4500A4B3D7 /* Alamofire */ = {
			isa = XCSwiftPackageProductDependency;
			package = CF56598A2EB37A4500A4B3D7 /* XCRemoteSwiftPackageReference "Alamofire" */;
			productName = Alamofire;
		};
		CF84301E2EB49B4D00DFE02F /* CountryPicker */ = {
			isa = XCSwiftPackageProductDependency;
			package = CF84301D2EB49B4D00DFE02F /* XCRemoteSwiftPackageReference "CountryPicker" */;
			productName = CountryPicker;
		};
		CFCF779F2EB8E3FE007707C9 /* SDWebImageSwiftUI */ = {
			isa = XCSwiftPackageProductDependency;
			package = CFCF779E2EB8E3FE007707C9 /* XCRemoteSwiftPackageReference "SDWebImageSwiftUI" */;
			productName = SDWebImageSwiftUI;
		};
/* End XCSwiftPackageProductDependency section */
	};
	rootObject = CFD0C9172E8BE22300E7FC9B /* Project object */;
}
